{
	"name": "tsbundle-test-lib-single",
	"lockfileVersion": 2,
	"requires": true,
	"packages": {
		"": {
			"name": "tsbundle-test-lib-single",
			"devDependencies": {
				"@zouloux/signal": "^0.2.3"
			}
		},
		"node_modules/@zouloux/signal": {
			"version": "0.2.3",
			"resolved": "https://registry.npmjs.org/@zouloux/signal/-/signal-0.2.3.tgz",
			"integrity": "sha512-2z3R/h8ZRPUs7C2QVEmMqePT5O2J33ceOFDsJ/+XSYivYpQrTYRb1dN5EVcL2WEsoYmPMtPB5EuUkdEBUtne2g==",
			"dev": true
		}
	},
	"dependencies": {
		"@zouloux/signal": {
			"version": "0.2.3",
			"resolved": "https://registry.npmjs.org/@zouloux/signal/-/signal-0.2.3.tgz",
			"integrity": "sha512-2z3R/h8ZRPUs7C2QVEmMqePT5O2J33ceOFDsJ/+XSYivYpQrTYRb1dN5EVcL2WEsoYmPMtPB5EuUkdEBUtne2g==",
			"dev": true
		}
	}
}
